dependencies:
- name: opentelemetry-kube-stack
  repository: https://open-telemetry.github.io/opentelemetry-helm-charts
  version: 0.20.8
- name: jaeger
  repository: https://jaegertracing.github.io/helm-charts
  version: 4.12.0
digest: sha256:8ed6bba18d223e076f52e1e023d53eee076334bb27d20272f4bab11975bf2a9a
generated: "2026-09-10T20:24:26.508159421Z"
