dependencies:
- name: opentelemetry-kube-stack
  repository: https://open-telemetry.github.io/opentelemetry-helm-charts
  version: 0.20.5
- name: jaeger
  repository: https://jaegertracing.github.io/helm-charts
  version: 4.12.0
digest: sha256:700d4f283d1fcb3e599bc9c9e97e8745c538d14af11bd1ad3e7a80231d2b70a8
generated: "2026-08-27T20:24:47.884025795Z"
